
Microsoft Visual Studio Solution File, Format Version 12.00
# Visual Studio Version 17
VisualStudioVersion = 17.5.002.0
MinimumVisualStudioVersion = 10.0.40219.1
Project("{9A19103F-16F7-4668-BE54-9A1E7A4F7556}") = "API", "API.csproj", "{0EF1BF83-27C2-474A-B451-0705AAFAE62B}"
EndProject
Global
	GlobalSection(SolutionConfigurationPlatforms) = preSolution
		Debug|Any CPU = Debug|Any CPU
		Release|Any CPU = Release|Any CPU
	EndGlobalSection
	GlobalSection(ProjectConfigurationPlatforms) = postSolution
		{0EF1BF83-27C2-474A-B451-0705AAFAE62B}.Debug|Any CPU.ActiveCfg = Debug|Any CPU
		{0EF1BF83-27C2-474A-B451-0705AAFAE62B}.Debug|Any CPU.Build.0 = Debug|Any CPU
		{0EF1BF83-27C2-474A-B451-0705AAFAE62B}.Release|Any CPU.ActiveCfg = Release|Any CPU
		{0EF1BF83-27C2-474A-B451-0705AAFAE62B}.Release|Any CPU.Build.0 = Release|Any CPU
	EndGlobalSection
	GlobalSection(SolutionProperties) = preSolution
		HideSolutionNode = FALSE
	EndGlobalSection
	GlobalSection(ExtensibilityGlobals) = postSolution
		SolutionGuid = {55C8B21F-3B75-4DD0-A8DE-87B97C324118}
	EndGlobalSection
EndGlobal
